{
  "object": {
    "pins": [
      {
        "package": "CatalogKit",
        "repositoryURL": "https://github.com/touyou/CatalogKit.git",
        "state": {
          "branch": "main",
          "revision": "0295ce55e47d538b2b348709280ceaa64b582a96",
          "version": null
        }
      }
    ]
  },
  "version": 1
}
