{
  "object": {
    "pins": [
      {
        "package": "CatalogKit",
        "repositoryURL": "https://github.com/touyou/CatalogKit.git",
        "state": {
          "branch": "main",
          "revision": "0524f735f7b0314786c56fef5d092cc67cd1be55",
          "version": null
        }
      }
    ]
  },
  "version": 1
}
